// !$*UTF8*$!
{
	archiveVersion = 1;
	classes = {
	};
	objectVersion = 50;
	objects = {

/* Begin PBXBuildFile section */
		3711E2D8228AFA4700566E1F /* AppDelegate.swift in Sources */ = {isa = PBXBuildFile; fileRef = 3711E2D7228AFA4700566E1F /* AppDelegate.swift */; };
		3711E2DD228AFA4700566E1F /* Main.storyboard in Resources */ = {isa = PBXBuildFile; fileRef = 3711E2DB228AFA4700566E1F /* Main.storyboard */; };
		3711E2DF228AFA4900566E1F /* Assets.xcassets in Resources */ = {isa = PBXBuildFile; fileRef = 3711E2DE228AFA4900566E1F /* Assets.xcassets */; };
		3711E2E2228AFA4900566E1F /* LaunchScreen.storyboard in Resources */ = {isa = PBXBuildFile; fileRef = 3711E2E0228AFA4900566E1F /* LaunchScreen.storyboard */; };
		3711E2EA228AFB0000566E1F /* CameraTableViewController.swift in Sources */ = {isa = PBXBuildFile; fileRef = 3711E2E9228AFB0000566E1F /* CameraTableViewController.swift */; };
		3711E2EC228B1E5E00566E1F /* CustomCell.swift in Sources */ = {isa = PBXBuildFile; fileRef = 3711E2EB228B1E5E00566E1F /* CustomCell.swift */; };
		3711E2EE228B208F00566E1F /* ProfileCard.swift in Sources */ = {isa = PBXBuildFile; fileRef = 3711E2ED228B208F00566E1F /* ProfileCard.swift */; };
		375C057F228D843600E82CBE /* AnchorsExt.swift in Sources */ = {isa = PBXBuildFile; fileRef = 375C057E228D843600E82CBE /* AnchorsExt.swift */; };
		37FFC48E228FC482008BC4A9 /* DetailViewController.swift in Sources */ = {isa = PBXBuildFile; fileRef = 37FFC48D228FC482008BC4A9 /* DetailViewController.swift */; };
/* End PBXBuildFile section */

/* Begin PBXFileReference section */
		3711E2D4228AFA4700566E1F /* Camera Capture App.app */ = {isa = PBXFileReference; explicitFileType = wrapper.application; includeInIndex = 0; path = "Camera Capture App.app"; sourceTree = BUILT_PRODUCTS_DIR; };
		3711E2D7228AFA4700566E1F /* AppDelegate.swift */ = {isa = PBXFileReference; lastKnownFileType = sourcecode.swift; path = AppDelegate.swift; sourceTree = "<group>"; };
		3711E2DC228AFA4700566E1F /* Base */ = {isa = PBXFileReference; lastKnownFileType = file.storyboard; name = Base; path = Base.lproj/Main.storyboard; sourceTree = "<group>"; };
		3711E2DE228AFA4900566E1F /* Assets.xcassets */ = {isa = PBXFileReference; lastKnownFileType = folder.assetcatalog; path = Assets.xcassets; sourceTree = "<group>"; };
		3711E2E1228AFA4900566E1F /* Base */ = {isa = PBXFileReference; lastKnownFileType = file.storyboard; name = Base; path = Base.lproj/LaunchScreen.storyboard; sourceTree = "<group>"; };
		3711E2E3228AFA4900566E1F /* Info.plist */ = {isa = PBXFileReference; lastKnownFileType = text.plist.xml; path = Info.plist; sourceTree = "<group>"; };
		3711E2E9228AFB0000566E1F /* CameraTableViewController.swift */ = {isa = PBXFileReference; lastKnownFileType = sourcecode.swift; path = CameraTableViewController.swift; sourceTree = "<group>"; };
		3711E2EB228B1E5E00566E1F /* CustomCell.swift */ = {isa = PBXFileReference; lastKnownFileType = sourcecode.swift; path = CustomCell.swift; sourceTree = "<group>"; };
		3711E2ED228B208F00566E1F /* ProfileCard.swift */ = {isa = PBXFileReference; lastKnownFileType = sourcecode.swift; path = ProfileCard.swift; sourceTree = "<group>"; };
		375C057E228D843600E82CBE /* AnchorsExt.swift */ = {isa = PBXFileReference; lastKnownFileType = sourcecode.swift; path = AnchorsExt.swift; sourceTree = "<group>"; };
		37FFC48D228FC482008BC4A9 /* DetailViewController.swift */ = {isa = PBXFileReference; lastKnownFileType = sourcecode.swift; path = DetailViewController.swift; sourceTree = "<group>"; };
/* End PBXFileReference section */

/* Begin PBXFrameworksBuildPhase section */
		3711E2D1228AFA4700566E1F /* Frameworks */ = {
			isa = PBXFrameworksBuildPhase;
			buildActionMask = 2147483647;
			files = (
			);
			runOnlyForDeploymentPostprocessing = 0;
		};
/* End PBXFrameworksBuildPhase section */

/* Begin PBXGroup section */
		3711E2CB228AFA4700566E1F = {
			isa = PBXGroup;
			children = (
				3711E2D6228AFA4700566E1F /* Camera Capture App */,
				3711E2D5228AFA4700566E1F /* Products */,
			);
			sourceTree = "<group>";
		};
		3711E2D5228AFA4700566E1F /* Products */ = {
			isa = PBXGroup;
			children = (
				3711E2D4228AFA4700566E1F /* Camera Capture App.app */,
			);
			name = Products;
			sourceTree = "<group>";
		};
		3711E2D6228AFA4700566E1F /* Camera Capture App */ = {
			isa = PBXGroup;
			children = (
				3711E2D7228AFA4700566E1F /* AppDelegate.swift */,
				3711E2DB228AFA4700566E1F /* Main.storyboard */,
				3711E2EB228B1E5E00566E1F /* CustomCell.swift */,
				375C057E228D843600E82CBE /* AnchorsExt.swift */,
				37FFC48D228FC482008BC4A9 /* DetailViewController.swift */,
				3711E2E9228AFB0000566E1F /* CameraTableViewController.swift */,
				3711E2ED228B208F00566E1F /* ProfileCard.swift */,
				3711E2DE228AFA4900566E1F /* Assets.xcassets */,
				3711E2E0228AFA4900566E1F /* LaunchScreen.storyboard */,
				3711E2E3228AFA4900566E1F /* Info.plist */,
			);
			path = "Camera Capture App";
			sourceTree = "<group>";
		};
/* End PBXGroup section */

/* Begin PBXNativeTarget section */
		3711E2D3228AFA4700566E1F /* Camera Capture App */ = {
			isa = PBXNativeTarget;
			buildConfigurationList = 3711E2E6228AFA4900566E1F /* Build configuration list for PBXNativeTarget "Camera Capture App" */;
			buildPhases = (
				3711E2D0228AFA4700566E1F /* Sources */,
				3711E2D1228AFA4700566E1F /* Frameworks */,
				3711E2D2228AFA4700566E1F /* Resources */,
			);
			buildRules = (
			);
			dependencies = (
			);
			name = "Camera Capture App";
			productName = "Camera Capture App";
			productReference = 3711E2D4228AFA4700566E1F /* Camera Capture App.app */;
			productType = "com.apple.product-type.application";
		};
/* End PBXNativeTarget section */

/* Begin PBXProject section */
		3711E2CC228AFA4700566E1F /* Project object */ = {
			isa = PBXProject;
			attributes = {
				LastSwiftUpdateCheck = 1010;
				LastUpgradeCheck = 1010;
				ORGANIZATIONNAME = oglerma;
				TargetAttributes = {
					3711E2D3228AFA4700566E1F = {
						CreatedOnToolsVersion = 10.1;
					};
				};
			};
			buildConfigurationList = 3711E2CF228AFA4700566E1F /* Build configuration list for PBXProject "Camera Capture App" */;
			compatibilityVersion = "Xcode 9.3";
			developmentRegion = en;
			hasScannedForEncodings = 0;
			knownRegions = (
				en,
				Base,
			);
			mainGroup = 3711E2CB228AFA4700566E1F;
			productRefGroup = 3711E2D5228AFA4700566E1F /* Products */;
			projectDirPath = "";
			projectRoot = "";
			targets = (
				3711E2D3228AFA4700566E1F /* Camera Capture App */,
			);
		};
/* End PBXProject section */

/* Begin PBXResourcesBuildPhase section */
		3711E2D2228AFA4700566E1F /* Resources */ = {
			isa = PBXResourcesBuildPhase;
			buildActionMask = 2147483647;
			files = (
				3711E2E2228AFA4900566E1F /* LaunchScreen.storyboard in Resources */,
				3711E2DF228AFA4900566E1F /* Assets.xcassets in Resources */,
				3711E2DD228AFA4700566E1F /* Main.storyboard in Resources */,
			);
			runOnlyForDeploymentPostprocessing = 0;
		};
/* End PBXResourcesBuildPhase section */

/* Begin PBXSourcesBuildPhase section */
		3711E2D0228AFA4700566E1F /* Sources */ = {
			isa = PBXSourcesBuildPhase;
			buildActionMask = 2147483647;
			files = (
				3711E2EA228AFB0000566E1F /* CameraTableViewController.swift in Sources */,
				375C057F228D843600E82CBE /* AnchorsExt.swift in Sources */,
				3711E2EC228B1E5E00566E1F /* CustomCell.swift in Sources */,
				37FFC48E228FC482008BC4A9 /* DetailViewController.swift in Sources */,
				3711E2D8228AFA4700566E1F /* AppDelegate.swift in Sources */,
				3711E2EE228B208F00566E1F /* ProfileCard.swift in Sources */,
			);
			runOnlyForDeploymentPostprocessing = 0;
		};
/* End PBXSourcesBuildPhase section */

/* Begin PBXVariantGroup section */
		3711E2DB228AFA4700566E1F /* Main.storyboard */ = {
			isa = PBXVariantGroup;
			children = (
				3711E2DC228AFA4700566E1F /* Base */,
			);
			name = Main.storyboard;
			sourceTree = "<group>";
		};
		3711E2E0228AFA4900566E1F /* LaunchScreen.storyboard */ = {
			isa = PBXVariantGroup;
			children = (
				3711E2E1228AFA4900566E1F /* Base */,
			);
			name = LaunchScreen.storyboard;
			sourceTree = "<group>";
		};
/* End PBXVariantGroup section */

/* Begin XCBuildConfiguration section */
		3711E2E4228AFA4900566E1F /* Debug */ = {
			isa = XCBuildConfiguration;
			buildSettings = {
				ALWAYS_SEARCH_USER_PATHS = NO;
				CLANG_ANALYZER_NONNULL = YES;
				CLANG_ANALYZER_NUMBER_OBJECT_CONVERSION = YES_AGGRESSIVE;
				CLANG_CXX_LANGUAGE_STANDARD = "gnu++14";
				CLANG_CXX_LIBRARY = "libc++";
				CLANG_ENABLE_MODULES = YES;
				CLANG_ENABLE_OBJC_ARC = YES;
				CLANG_ENABLE_OBJC_WEAK = YES;
				CLANG_WARN_BLOCK_CAPTURE_AUTORELEASING = YES;
				CLANG_WARN_BOOL_CONVERSION = YES;
				CLANG_WARN_COMMA = YES;
				CLANG_WARN_CONSTANT_CONVERSION = YES;
				CLANG_WARN_DEPRECATED_OBJC_IMPLEMENTATIONS = YES;
				CLANG_WARN_DIRECT_OBJC_ISA_USAGE = YES_ERROR;
				CLANG_WARN_DOCUMENTATION_COMMENTS = YES;
				CLANG_WARN_EMPTY_BODY = YES;
				CLANG_WARN_ENUM_CONVERSION = YES;
				CLANG_WARN_INFINITE_RECURSION = YES;
				CLANG_WARN_INT_CONVERSION = YES;
				CLANG_WARN_NON_LITERAL_NULL_CONVERSION = YES;
				CLANG_WARN_OBJC_IMPLICIT_RETAIN_SELF = YES;
				CLANG_WARN_OBJC_LITERAL_CONVERSION = YES;
				CLANG_WARN_OBJC_ROOT_CLASS = YES_ERROR;
				CLANG_WARN_RANGE_LOOP_ANALYSIS = YES;
				CLANG_WARN_STRICT_PROTOTYPES = YES;
				CLANG_WARN_SUSPICIOUS_MOVE = YES;
				CLANG_WARN_UNGUARDED_AVAILABILITY = YES_AGGRESSIVE;
				CLANG_WARN_UNREACHABLE_CODE = YES;
				CLANG_WARN__DUPLICATE_METHOD_MATCH = YES;
				CODE_SIGN_IDENTITY = "iPhone Developer";
				COPY_PHASE_STRIP = NO;
				DEBUG_INFORMATION_FORMAT = dwarf;
				ENABLE_STRICT_OBJC_MSGSEND = YES;
				ENABLE_TESTABILITY = YES;
				GCC_C_LANGUAGE_STANDARD = gnu11;
				GCC_DYNAMIC_NO_PIC = NO;
				GCC_NO_COMMON_BLOCKS = YES;
				GCC_OPTIMIZATION_LEVEL = 0;
				GCC_PREPROCESSOR_DEFINITIONS = (
					"DEBUG=1",
					"$(inherited)",
				);
				GCC_WARN_64_TO_32_BIT_CONVERSION = YES;
				GCC_WARN_ABOUT_RETURN_TYPE = YES_ERROR;
				GCC_WARN_UNDECLARED_SELECTOR = YES;
				GCC_WARN_UNINITIALIZED_AUTOS = YES_AGGRESSIVE;
				GCC_WARN_UNUSED_FUNCTION = YES;
				GCC_WARN_UNUSED_VARIABLE = YES;
				IPHONEOS_DEPLOYMENT_TARGET = 12.1;
				MTL_ENABLE_DEBUG_INFO = INCLUDE_SOURCE;
				MTL_FAST_MATH = YES;
				ONLY_ACTIVE_ARCH = YES;
				SDKROOT = iphoneos;
				SWIFT_ACTIVE_COMPILATION_CONDITIONS = DEBUG;
				SWIFT_OPTIMIZATION_LEVEL = "-Onone";
			};
			name = Debug;
		};
		3711E2E5228AFA4900566E1F /* Release */ = {
			isa = XCBuildConfiguration;
			buildSettings = {
				ALWAYS_SEARCH_USER_PATHS = NO;
				CLANG_ANALYZER_NONNULL = YES;
				CLANG_ANALYZER_NUMBER_OBJECT_CONVERSION = YES_AGGRESSIVE;
				CLANG_CXX_LANGUAGE_STANDARD = "gnu++14";
				CLANG_CXX_LIBRARY = "libc++";
				CLANG_ENABLE_MODULES = YES;
				CLANG_ENABLE_OBJC_ARC = YES;
				CLANG_ENABLE_OBJC_WEAK = YES;
				CLANG_WARN_BLOCK_CAPTURE_AUTORELEASING = YES;
				CLANG_WARN_BOOL_CONVERSION = YES;
				CLANG_WARN_COMMA = YES;
				CLANG_WARN_CONSTANT_CONVERSION = YES;
				CLANG_WARN_DEPRECATED_OBJC_IMPLEMENTATIONS = YES;
				CLANG_WARN_DIRECT_OBJC_ISA_USAGE = YES_ERROR;
				CLANG_WARN_DOCUMENTATION_COMMENTS = YES;
				CLANG_WARN_EMPTY_BODY = YES;
				CLANG_WARN_ENUM_CONVERSION = YES;
				CLANG_WARN_INFINITE_RECURSION = YES;
				CLANG_WARN_INT_CONVERSION = YES;
				CLANG_WARN_NON_LITERAL_NULL_CONVERSION = YES;
				CLANG_WARN_OBJC_IMPLICIT_RETAIN_SELF = YES;
				CLANG_WARN_OBJC_LITERAL_CONVERSION = YES;
				CLANG_WARN_OBJC_ROOT_CLASS = YES_ERROR;
				CLANG_WARN_RANGE_LOOP_ANALYSIS = YES;
				CLANG_WARN_STRICT_PROTOTYPES = YES;
				CLANG_WARN_SUSPICIOUS_MOVE = YES;
				CLANG_WARN_UNGUARDED_AVAILABILITY = YES_AGGRESSIVE;
				CLANG_WARN_UNREACHABLE_CODE = YES;
				CLANG_WARN__DUPLICATE_METHOD_MATCH = YES;
				CODE_SIGN_IDENTITY = "iPhone Developer";
				COPY_PHASE_STRIP = NO;
				DEBUG_INFORMATION_FORMAT = "dwarf-with-dsym";
				ENABLE_NS_ASSERTIONS = NO;
				ENABLE_STRICT_OBJC_MSGSEND = YES;
				GCC_C_LANGUAGE_STANDARD = gnu11;
				GCC_NO_COMMON_BLOCKS = YES;
				GCC_WARN_64_TO_32_BIT_CONVERSION = YES;
				GCC_WARN_ABOUT_RETURN_TYPE = YES_ERROR;
				GCC_WARN_UNDECLARED_SELECTOR = YES;
				GCC_WARN_UNINITIALIZED_AUTOS = YES_AGGRESSIVE;
				GCC_WARN_UNUSED_FUNCTION = YES;
				GCC_WARN_UNUSED_VARIABLE = YES;
				IPHONEOS_DEPLOYMENT_TARGET = 12.1;
				MTL_ENABLE_DEBUG_INFO = NO;
				MTL_FAST_MATH = YES;
				SDKROOT = iphoneos;
				SWIFT_COMPILATION_MODE = wholemodule;
				SWIFT_OPTIMIZATION_LEVEL = "-O";
				VALIDATE_PRODUCT = YES;
			};
			name = Release;
		};
		3711E2E7228AFA4900566E1F /* Debug */ = {
			isa = XCBuildConfiguration;
			buildSettings = {
				ASSETCATALOG_COMPILER_APPICON_NAME = AppIcon;
				CODE_SIGN_STYLE = Automatic;
				DEVELOPMENT_TEAM = 9Q34T736A9;
				INFOPLIST_FILE = "Camera Capture App/Info.plist";
				LD_RUNPATH_SEARCH_PATHS = (
					"$(inherited)",
					"@executable_path/Frameworks",
				);
				PRODUCT_BUNDLE_IDENTIFIER = "com.ociel.Camera-Capture-App";
				PRODUCT_NAME = "$(TARGET_NAME)";
				SWIFT_VERSION = 4.2;
				TARGETED_DEVICE_FAMILY = 1;
			};
			name = Debug;
		};
		3711E2E8228AFA4900566E1F /* Release */ = {
			isa = XCBuildConfiguration;
			buildSettings = {
				ASSETCATALOG_COMPILER_APPICON_NAME = AppIcon;
				CODE_SIGN_STYLE = Automatic;
				DEVELOPMENT_TEAM = 9Q34T736A9;
				INFOPLIST_FILE = "Camera Capture App/Info.plist";
				LD_RUNPATH_SEARCH_PATHS = (
					"$(inherited)",
					"@executable_path/Frameworks",
				);
				PRODUCT_BUNDLE_IDENTIFIER = "com.ociel.Camera-Capture-App";
				PRODUCT_NAME = "$(TARGET_NAME)";
				SWIFT_VERSION = 4.2;
				TARGETED_DEVICE_FAMILY = 1;
			};
			name = Release;
		};
/* End XCBuildConfiguration section */

/* Begin XCConfigurationList section */
		3711E2CF228AFA4700566E1F /* Build configuration list for PBXProject "Camera Capture App" */ = {
			isa = XCConfigurationList;
			buildConfigurations = (
				3711E2E4228AFA4900566E1F /* Debug */,
				3711E2E5228AFA4900566E1F /* Release */,
			);
			defaultConfigurationIsVisible = 0;
			defaultConfigurationName = Release;
		};
		3711E2E6228AFA4900566E1F /* Build configuration list for PBXNativeTarget "Camera Capture App" */ = {
			isa = XCConfigurationList;
			buildConfigurations = (
				3711E2E7228AFA4900566E1F /* Debug */,
				3711E2E8228AFA4900566E1F /* Release */,
			);
			defaultConfigurationIsVisible = 0;
			defaultConfigurationName = Release;
		};
/* End XCConfigurationList section */
	};
	rootObject = 3711E2CC228AFA4700566E1F /* Project object */;
}
