// !$*UTF8*$!
{
	archiveVersion = 1;
	classes = {
	};
	objectVersion = 50;
	objects = {

/* Begin PBXBuildFile section */
		31C19F862371F341000AF2D1 /* AppDelegate.swift in Sources */ = {isa = PBXBuildFile; fileRef = 31C19F852371F341000AF2D1 /* AppDelegate.swift */; };
		31C19F882371F341000AF2D1 /* SceneDelegate.swift in Sources */ = {isa = PBXBuildFile; fileRef = 31C19F872371F341000AF2D1 /* SceneDelegate.swift */; };
		31C19F8A2371F341000AF2D1 /* ContentView.swift in Sources */ = {isa = PBXBuildFile; fileRef = 31C19F892371F341000AF2D1 /* ContentView.swift */; };
		31C19F8C2371F343000AF2D1 /* Assets.xcassets in Resources */ = {isa = PBXBuildFile; fileRef = 31C19F8B2371F343000AF2D1 /* Assets.xcassets */; };
		31C19F8F2371F343000AF2D1 /* Preview Assets.xcassets in Resources */ = {isa = PBXBuildFile; fileRef = 31C19F8E2371F343000AF2D1 /* Preview Assets.xcassets */; };
		31C19F922371F343000AF2D1 /* LaunchScreen.storyboard in Resources */ = {isa = PBXBuildFile; fileRef = 31C19F902371F343000AF2D1 /* LaunchScreen.storyboard */; };
/* End PBXBuildFile section */

/* Begin PBXFileReference section */
		31C19F822371F341000AF2D1 /* Wesplit.app */ = {isa = PBXFileReference; explicitFileType = wrapper.application; includeInIndex = 0; path = Wesplit.app; sourceTree = BUILT_PRODUCTS_DIR; };
		31C19F852371F341000AF2D1 /* AppDelegate.swift */ = {isa = PBXFileReference; lastKnownFileType = sourcecode.swift; path = AppDelegate.swift; sourceTree = "<group>"; };
		31C19F872371F341000AF2D1 /* SceneDelegate.swift */ = {isa = PBXFileReference; lastKnownFileType = sourcecode.swift; path = SceneDelegate.swift; sourceTree = "<group>"; };
		31C19F892371F341000AF2D1 /* ContentView.swift */ = {isa = PBXFileReference; lastKnownFileType = sourcecode.swift; path = ContentView.swift; sourceTree = "<group>"; };
		31C19F8B2371F343000AF2D1 /* Assets.xcassets */ = {isa = PBXFileReference; lastKnownFileType = folder.assetcatalog; path = Assets.xcassets; sourceTree = "<group>"; };
		31C19F8E2371F343000AF2D1 /* Preview Assets.xcassets */ = {isa = PBXFileReference; lastKnownFileType = folder.assetcatalog; path = "Preview Assets.xcassets"; sourceTree = "<group>"; };
		31C19F912371F343000AF2D1 /* Base */ = {isa = PBXFileReference; lastKnownFileType = file.storyboard; name = Base; path = Base.lproj/LaunchScreen.storyboard; sourceTree = "<group>"; };
		31C19F932371F343000AF2D1 /* Info.plist */ = {isa = PBXFileReference; lastKnownFileType = text.plist.xml; path = Info.plist; sourceTree = "<group>"; };
/* End PBXFileReference section */

/* Begin PBXFrameworksBuildPhase section */
		31C19F7F2371F341000AF2D1 /* Frameworks */ = {
			isa = PBXFrameworksBuildPhase;
			buildActionMask = 2147483647;
			files = (
			);
			runOnlyForDeploymentPostprocessing = 0;
		};
/* End PBXFrameworksBuildPhase section */

/* Begin PBXGroup section */
		31C19F792371F341000AF2D1 = {
			isa = PBXGroup;
			children = (
				31C19F842371F341000AF2D1 /* Wesplit */,
				31C19F832371F341000AF2D1 /* Products */,
			);
			sourceTree = "<group>";
		};
		31C19F832371F341000AF2D1 /* Products */ = {
			isa = PBXGroup;
			children = (
				31C19F822371F341000AF2D1 /* Wesplit.app */,
			);
			name = Products;
			sourceTree = "<group>";
		};
		31C19F842371F341000AF2D1 /* Wesplit */ = {
			isa = PBXGroup;
			children = (
				31C19F852371F341000AF2D1 /* AppDelegate.swift */,
				31C19F872371F341000AF2D1 /* SceneDelegate.swift */,
				31C19F892371F341000AF2D1 /* ContentView.swift */,
				31C19F8B2371F343000AF2D1 /* Assets.xcassets */,
				31C19F902371F343000AF2D1 /* LaunchScreen.storyboard */,
				31C19F932371F343000AF2D1 /* Info.plist */,
				31C19F8D2371F343000AF2D1 /* Preview Content */,
			);
			path = Wesplit;
			sourceTree = "<group>";
		};
		31C19F8D2371F343000AF2D1 /* Preview Content */ = {
			isa = PBXGroup;
			children = (
				31C19F8E2371F343000AF2D1 /* Preview Assets.xcassets */,
			);
			path = "Preview Content";
			sourceTree = "<group>";
		};
/* End PBXGroup section */

/* Begin PBXNativeTarget section */
		31C19F812371F341000AF2D1 /* Wesplit */ = {
			isa = PBXNativeTarget;
			buildConfigurationList = 31C19F962371F343000AF2D1 /* Build configuration list for PBXNativeTarget "Wesplit" */;
			buildPhases = (
				31C19F7E2371F341000AF2D1 /* Sources */,
				31C19F7F2371F341000AF2D1 /* Frameworks */,
				31C19F802371F341000AF2D1 /* Resources */,
			);
			buildRules = (
			);
			dependencies = (
			);
			name = Wesplit;
			productName = Wesplit;
			productReference = 31C19F822371F341000AF2D1 /* Wesplit.app */;
			productType = "com.apple.product-type.application";
		};
/* End PBXNativeTarget section */

/* Begin PBXProject section */
		31C19F7A2371F341000AF2D1 /* Project object */ = {
			isa = PBXProject;
			attributes = {
				LastSwiftUpdateCheck = 1120;
				LastUpgradeCheck = 1120;
				ORGANIZATIONNAME = ociellerma;
				TargetAttributes = {
					31C19F812371F341000AF2D1 = {
						CreatedOnToolsVersion = 11.2;
					};
				};
			};
			buildConfigurationList = 31C19F7D2371F341000AF2D1 /* Build configuration list for PBXProject "Wesplit" */;
			compatibilityVersion = "Xcode 9.3";
			developmentRegion = en;
			hasScannedForEncodings = 0;
			knownRegions = (
				en,
				Base,
			);
			mainGroup = 31C19F792371F341000AF2D1;
			productRefGroup = 31C19F832371F341000AF2D1 /* Products */;
			projectDirPath = "";
			projectRoot = "";
			targets = (
				31C19F812371F341000AF2D1 /* Wesplit */,
			);
		};
/* End PBXProject section */

/* Begin PBXResourcesBuildPhase section */
		31C19F802371F341000AF2D1 /* Resources */ = {
			isa = PBXResourcesBuildPhase;
			buildActionMask = 2147483647;
			files = (
				31C19F922371F343000AF2D1 /* LaunchScreen.storyboard in Resources */,
				31C19F8F2371F343000AF2D1 /* Preview Assets.xcassets in Resources */,
				31C19F8C2371F343000AF2D1 /* Assets.xcassets in Resources */,
			);
			runOnlyForDeploymentPostprocessing = 0;
		};
/* End PBXResourcesBuildPhase section */

/* Begin PBXSourcesBuildPhase section */
		31C19F7E2371F341000AF2D1 /* Sources */ = {
			isa = PBXSourcesBuildPhase;
			buildActionMask = 2147483647;
			files = (
				31C19F862371F341000AF2D1 /* AppDelegate.swift in Sources */,
				31C19F882371F341000AF2D1 /* SceneDelegate.swift in Sources */,
				31C19F8A2371F341000AF2D1 /* ContentView.swift in Sources */,
			);
			runOnlyForDeploymentPostprocessing = 0;
		};
/* End PBXSourcesBuildPhase section */

/* Begin PBXVariantGroup section */
		31C19F902371F343000AF2D1 /* LaunchScreen.storyboard */ = {
			isa = PBXVariantGroup;
			children = (
				31C19F912371F343000AF2D1 /* Base */,
			);
			name = LaunchScreen.storyboard;
			sourceTree = "<group>";
		};
/* End PBXVariantGroup section */

/* Begin XCBuildConfiguration section */
		31C19F942371F343000AF2D1 /* Debug */ = {
			isa = XCBuildConfiguration;
			buildSettings = {
				ALWAYS_SEARCH_USER_PATHS = NO;
				CLANG_ANALYZER_NONNULL = YES;
				CLANG_ANALYZER_NUMBER_OBJECT_CONVERSION = YES_AGGRESSIVE;
				CLANG_CXX_LANGUAGE_STANDARD = "gnu++14";
				CLANG_CXX_LIBRARY = "libc++";
				CLANG_ENABLE_MODULES = YES;
				CLANG_ENABLE_OBJC_ARC = YES;
				CLANG_ENABLE_OBJC_WEAK = YES;
				CLANG_WARN_BLOCK_CAPTURE_AUTORELEASING = YES;
				CLANG_WARN_BOOL_CONVERSION = YES;
				CLANG_WARN_COMMA = YES;
				CLANG_WARN_CONSTANT_CONVERSION = YES;
				CLANG_WARN_DEPRECATED_OBJC_IMPLEMENTATIONS = YES;
				CLANG_WARN_DIRECT_OBJC_ISA_USAGE = YES_ERROR;
				CLANG_WARN_DOCUMENTATION_COMMENTS = YES;
				CLANG_WARN_EMPTY_BODY = YES;
				CLANG_WARN_ENUM_CONVERSION = YES;
				CLANG_WARN_INFINITE_RECURSION = YES;
				CLANG_WARN_INT_CONVERSION = YES;
				CLANG_WARN_NON_LITERAL_NULL_CONVERSION = YES;
				CLANG_WARN_OBJC_IMPLICIT_RETAIN_SELF = YES;
				CLANG_WARN_OBJC_LITERAL_CONVERSION = YES;
				CLANG_WARN_OBJC_ROOT_CLASS = YES_ERROR;
				CLANG_WARN_RANGE_LOOP_ANALYSIS = YES;
				CLANG_WARN_STRICT_PROTOTYPES = YES;
				CLANG_WARN_SUSPICIOUS_MOVE = YES;
				CLANG_WARN_UNGUARDED_AVAILABILITY = YES_AGGRESSIVE;
				CLANG_WARN_UNREACHABLE_CODE = YES;
				CLANG_WARN__DUPLICATE_METHOD_MATCH = YES;
				COPY_PHASE_STRIP = NO;
				DEBUG_INFORMATION_FORMAT = dwarf;
				ENABLE_STRICT_OBJC_MSGSEND = YES;
				ENABLE_TESTABILITY = YES;
				GCC_C_LANGUAGE_STANDARD = gnu11;
				GCC_DYNAMIC_NO_PIC = NO;
				GCC_NO_COMMON_BLOCKS = YES;
				GCC_OPTIMIZATION_LEVEL = 0;
				GCC_PREPROCESSOR_DEFINITIONS = (
					"DEBUG=1",
					"$(inherited)",
				);
				GCC_WARN_64_TO_32_BIT_CONVERSION = YES;
				GCC_WARN_ABOUT_RETURN_TYPE = YES_ERROR;
				GCC_WARN_UNDECLARED_SELECTOR = YES;
				GCC_WARN_UNINITIALIZED_AUTOS = YES_AGGRESSIVE;
				GCC_WARN_UNUSED_FUNCTION = YES;
				GCC_WARN_UNUSED_VARIABLE = YES;
				IPHONEOS_DEPLOYMENT_TARGET = 13.2;
				MTL_ENABLE_DEBUG_INFO = INCLUDE_SOURCE;
				MTL_FAST_MATH = YES;
				ONLY_ACTIVE_ARCH = YES;
				SDKROOT = iphoneos;
				SWIFT_ACTIVE_COMPILATION_CONDITIONS = DEBUG;
				SWIFT_OPTIMIZATION_LEVEL = "-Onone";
			};
			name = Debug;
		};
		31C19F952371F343000AF2D1 /* Release */ = {
			isa = XCBuildConfiguration;
			buildSettings = {
				ALWAYS_SEARCH_USER_PATHS = NO;
				CLANG_ANALYZER_NONNULL = YES;
				CLANG_ANALYZER_NUMBER_OBJECT_CONVERSION = YES_AGGRESSIVE;
				CLANG_CXX_LANGUAGE_STANDARD = "gnu++14";
				CLANG_CXX_LIBRARY = "libc++";
				CLANG_ENABLE_MODULES = YES;
				CLANG_ENABLE_OBJC_ARC = YES;
				CLANG_ENABLE_OBJC_WEAK = YES;
				CLANG_WARN_BLOCK_CAPTURE_AUTORELEASING = YES;
				CLANG_WARN_BOOL_CONVERSION = YES;
				CLANG_WARN_COMMA = YES;
				CLANG_WARN_CONSTANT_CONVERSION = YES;
				CLANG_WARN_DEPRECATED_OBJC_IMPLEMENTATIONS = YES;
				CLANG_WARN_DIRECT_OBJC_ISA_USAGE = YES_ERROR;
				CLANG_WARN_DOCUMENTATION_COMMENTS = YES;
				CLANG_WARN_EMPTY_BODY = YES;
				CLANG_WARN_ENUM_CONVERSION = YES;
				CLANG_WARN_INFINITE_RECURSION = YES;
				CLANG_WARN_INT_CONVERSION = YES;
				CLANG_WARN_NON_LITERAL_NULL_CONVERSION = YES;
				CLANG_WARN_OBJC_IMPLICIT_RETAIN_SELF = YES;
				CLANG_WARN_OBJC_LITERAL_CONVERSION = YES;
				CLANG_WARN_OBJC_ROOT_CLASS = YES_ERROR;
				CLANG_WARN_RANGE_LOOP_ANALYSIS = YES;
				CLANG_WARN_STRICT_PROTOTYPES = YES;
				CLANG_WARN_SUSPICIOUS_MOVE = YES;
				CLANG_WARN_UNGUARDED_AVAILABILITY = YES_AGGRESSIVE;
				CLANG_WARN_UNREACHABLE_CODE = YES;
				CLANG_WARN__DUPLICATE_METHOD_MATCH = YES;
				COPY_PHASE_STRIP = NO;
				DEBUG_INFORMATION_FORMAT = "dwarf-with-dsym";
				ENABLE_NS_ASSERTIONS = NO;
				ENABLE_STRICT_OBJC_MSGSEND = YES;
				GCC_C_LANGUAGE_STANDARD = gnu11;
				GCC_NO_COMMON_BLOCKS = YES;
				GCC_WARN_64_TO_32_BIT_CONVERSION = YES;
				GCC_WARN_ABOUT_RETURN_TYPE = YES_ERROR;
				GCC_WARN_UNDECLARED_SELECTOR = YES;
				GCC_WARN_UNINITIALIZED_AUTOS = YES_AGGRESSIVE;
				GCC_WARN_UNUSED_FUNCTION = YES;
				GCC_WARN_UNUSED_VARIABLE = YES;
				IPHONEOS_DEPLOYMENT_TARGET = 13.2;
				MTL_ENABLE_DEBUG_INFO = NO;
				MTL_FAST_MATH = YES;
				SDKROOT = iphoneos;
				SWIFT_COMPILATION_MODE = wholemodule;
				SWIFT_OPTIMIZATION_LEVEL = "-O";
				VALIDATE_PRODUCT = YES;
			};
			name = Release;
		};
		31C19F972371F343000AF2D1 /* Debug */ = {
			isa = XCBuildConfiguration;
			buildSettings = {
				ASSETCATALOG_COMPILER_APPICON_NAME = AppIcon;
				CODE_SIGN_STYLE = Automatic;
				DEVELOPMENT_ASSET_PATHS = "\"Wesplit/Preview Content\"";
				DEVELOPMENT_TEAM = 8F9MG3W29J;
				ENABLE_PREVIEWS = YES;
				INFOPLIST_FILE = Wesplit/Info.plist;
				LD_RUNPATH_SEARCH_PATHS = (
					"$(inherited)",
					"@executable_path/Frameworks",
				);
				PRODUCT_BUNDLE_IDENTIFIER = com.lerma.ociel.Wesplit;
				PRODUCT_NAME = "$(TARGET_NAME)";
				SWIFT_VERSION = 5.0;
				TARGETED_DEVICE_FAMILY = "1,2";
			};
			name = Debug;
		};
		31C19F982371F343000AF2D1 /* Release */ = {
			isa = XCBuildConfiguration;
			buildSettings = {
				ASSETCATALOG_COMPILER_APPICON_NAME = AppIcon;
				CODE_SIGN_STYLE = Automatic;
				DEVELOPMENT_ASSET_PATHS = "\"Wesplit/Preview Content\"";
				DEVELOPMENT_TEAM = 8F9MG3W29J;
				ENABLE_PREVIEWS = YES;
				INFOPLIST_FILE = Wesplit/Info.plist;
				LD_RUNPATH_SEARCH_PATHS = (
					"$(inherited)",
					"@executable_path/Frameworks",
				);
				PRODUCT_BUNDLE_IDENTIFIER = com.lerma.ociel.Wesplit;
				PRODUCT_NAME = "$(TARGET_NAME)";
				SWIFT_VERSION = 5.0;
				TARGETED_DEVICE_FAMILY = "1,2";
			};
			name = Release;
		};
/* End XCBuildConfiguration section */

/* Begin XCConfigurationList section */
		31C19F7D2371F341000AF2D1 /* Build configuration list for PBXProject "Wesplit" */ = {
			isa = XCConfigurationList;
			buildConfigurations = (
				31C19F942371F343000AF2D1 /* Debug */,
				31C19F952371F343000AF2D1 /* Release */,
			);
			defaultConfigurationIsVisible = 0;
			defaultConfigurationName = Release;
		};
		31C19F962371F343000AF2D1 /* Build configuration list for PBXNativeTarget "Wesplit" */ = {
			isa = XCConfigurationList;
			buildConfigurations = (
				31C19F972371F343000AF2D1 /* Debug */,
				31C19F982371F343000AF2D1 /* Release */,
			);
			defaultConfigurationIsVisible = 0;
			defaultConfigurationName = Release;
		};
/* End XCConfigurationList section */
	};
	rootObject = 31C19F7A2371F341000AF2D1 /* Project object */;
}
