// !$*UTF8*$!
{
	archiveVersion = 1;
	classes = {
	};
	objectVersion = 50;
	objects = {

/* Begin PBXBuildFile section */
		E9B5B8522262DD2C00FC60CB /* AppDelegate.swift in Sources */ = {isa = PBXBuildFile; fileRef = E9B5B8512262DD2C00FC60CB /* AppDelegate.swift */; };
		E9B5B8542262DD2C00FC60CB /* ViewController.swift in Sources */ = {isa = PBXBuildFile; fileRef = E9B5B8532262DD2C00FC60CB /* ViewController.swift */; };
		E9B5B8572262DD2C00FC60CB /* Main.storyboard in Resources */ = {isa = PBXBuildFile; fileRef = E9B5B8552262DD2C00FC60CB /* Main.storyboard */; };
		E9B5B8592262DD2F00FC60CB /* Assets.xcassets in Resources */ = {isa = PBXBuildFile; fileRef = E9B5B8582262DD2F00FC60CB /* Assets.xcassets */; };
		E9B5B85C2262DD2F00FC60CB /* LaunchScreen.storyboard in Resources */ = {isa = PBXBuildFile; fileRef = E9B5B85A2262DD2F00FC60CB /* LaunchScreen.storyboard */; };
/* End PBXBuildFile section */

/* Begin PBXFileReference section */
		E9B5B84E2262DD2C00FC60CB /* Swifty Words Game.app */ = {isa = PBXFileReference; explicitFileType = wrapper.application; includeInIndex = 0; path = "Swifty Words Game.app"; sourceTree = BUILT_PRODUCTS_DIR; };
		E9B5B8512262DD2C00FC60CB /* AppDelegate.swift */ = {isa = PBXFileReference; lastKnownFileType = sourcecode.swift; path = AppDelegate.swift; sourceTree = "<group>"; };
		E9B5B8532262DD2C00FC60CB /* ViewController.swift */ = {isa = PBXFileReference; lastKnownFileType = sourcecode.swift; path = ViewController.swift; sourceTree = "<group>"; };
		E9B5B8562262DD2C00FC60CB /* Base */ = {isa = PBXFileReference; lastKnownFileType = file.storyboard; name = Base; path = Base.lproj/Main.storyboard; sourceTree = "<group>"; };
		E9B5B8582262DD2F00FC60CB /* Assets.xcassets */ = {isa = PBXFileReference; lastKnownFileType = folder.assetcatalog; path = Assets.xcassets; sourceTree = "<group>"; };
		E9B5B85B2262DD2F00FC60CB /* Base */ = {isa = PBXFileReference; lastKnownFileType = file.storyboard; name = Base; path = Base.lproj/LaunchScreen.storyboard; sourceTree = "<group>"; };
		E9B5B85D2262DD2F00FC60CB /* Info.plist */ = {isa = PBXFileReference; lastKnownFileType = text.plist.xml; path = Info.plist; sourceTree = "<group>"; };
/* End PBXFileReference section */

/* Begin PBXFrameworksBuildPhase section */
		E9B5B84B2262DD2C00FC60CB /* Frameworks */ = {
			isa = PBXFrameworksBuildPhase;
			buildActionMask = 2147483647;
			files = (
			);
			runOnlyForDeploymentPostprocessing = 0;
		};
/* End PBXFrameworksBuildPhase section */

/* Begin PBXGroup section */
		E9B5B8452262DD2C00FC60CB = {
			isa = PBXGroup;
			children = (
				E9B5B8502262DD2C00FC60CB /* Swifty Words Game */,
				E9B5B84F2262DD2C00FC60CB /* Products */,
			);
			sourceTree = "<group>";
		};
		E9B5B84F2262DD2C00FC60CB /* Products */ = {
			isa = PBXGroup;
			children = (
				E9B5B84E2262DD2C00FC60CB /* Swifty Words Game.app */,
			);
			name = Products;
			sourceTree = "<group>";
		};
		E9B5B8502262DD2C00FC60CB /* Swifty Words Game */ = {
			isa = PBXGroup;
			children = (
				E9B5B8512262DD2C00FC60CB /* AppDelegate.swift */,
				E9B5B8532262DD2C00FC60CB /* ViewController.swift */,
				E9B5B8552262DD2C00FC60CB /* Main.storyboard */,
				E9B5B8582262DD2F00FC60CB /* Assets.xcassets */,
				E9B5B85A2262DD2F00FC60CB /* LaunchScreen.storyboard */,
				E9B5B85D2262DD2F00FC60CB /* Info.plist */,
			);
			path = "Swifty Words Game";
			sourceTree = "<group>";
		};
/* End PBXGroup section */

/* Begin PBXNativeTarget section */
		E9B5B84D2262DD2C00FC60CB /* Swifty Words Game */ = {
			isa = PBXNativeTarget;
			buildConfigurationList = E9B5B8602262DD2F00FC60CB /* Build configuration list for PBXNativeTarget "Swifty Words Game" */;
			buildPhases = (
				E9B5B84A2262DD2C00FC60CB /* Sources */,
				E9B5B84B2262DD2C00FC60CB /* Frameworks */,
				E9B5B84C2262DD2C00FC60CB /* Resources */,
			);
			buildRules = (
			);
			dependencies = (
			);
			name = "Swifty Words Game";
			productName = "Swifty Words Game";
			productReference = E9B5B84E2262DD2C00FC60CB /* Swifty Words Game.app */;
			productType = "com.apple.product-type.application";
		};
/* End PBXNativeTarget section */

/* Begin PBXProject section */
		E9B5B8462262DD2C00FC60CB /* Project object */ = {
			isa = PBXProject;
			attributes = {
				LastSwiftUpdateCheck = 1020;
				LastUpgradeCheck = 1020;
				ORGANIZATIONNAME = "Ociel Lerma";
				TargetAttributes = {
					E9B5B84D2262DD2C00FC60CB = {
						CreatedOnToolsVersion = 10.2;
					};
				};
			};
			buildConfigurationList = E9B5B8492262DD2C00FC60CB /* Build configuration list for PBXProject "Swifty Words Game" */;
			compatibilityVersion = "Xcode 9.3";
			developmentRegion = en;
			hasScannedForEncodings = 0;
			knownRegions = (
				en,
				Base,
			);
			mainGroup = E9B5B8452262DD2C00FC60CB;
			productRefGroup = E9B5B84F2262DD2C00FC60CB /* Products */;
			projectDirPath = "";
			projectRoot = "";
			targets = (
				E9B5B84D2262DD2C00FC60CB /* Swifty Words Game */,
			);
		};
/* End PBXProject section */

/* Begin PBXResourcesBuildPhase section */
		E9B5B84C2262DD2C00FC60CB /* Resources */ = {
			isa = PBXResourcesBuildPhase;
			buildActionMask = 2147483647;
			files = (
				E9B5B85C2262DD2F00FC60CB /* LaunchScreen.storyboard in Resources */,
				E9B5B8592262DD2F00FC60CB /* Assets.xcassets in Resources */,
				E9B5B8572262DD2C00FC60CB /* Main.storyboard in Resources */,
			);
			runOnlyForDeploymentPostprocessing = 0;
		};
/* End PBXResourcesBuildPhase section */

/* Begin PBXSourcesBuildPhase section */
		E9B5B84A2262DD2C00FC60CB /* Sources */ = {
			isa = PBXSourcesBuildPhase;
			buildActionMask = 2147483647;
			files = (
				E9B5B8542262DD2C00FC60CB /* ViewController.swift in Sources */,
				E9B5B8522262DD2C00FC60CB /* AppDelegate.swift in Sources */,
			);
			runOnlyForDeploymentPostprocessing = 0;
		};
/* End PBXSourcesBuildPhase section */

/* Begin PBXVariantGroup section */
		E9B5B8552262DD2C00FC60CB /* Main.storyboard */ = {
			isa = PBXVariantGroup;
			children = (
				E9B5B8562262DD2C00FC60CB /* Base */,
			);
			name = Main.storyboard;
			sourceTree = "<group>";
		};
		E9B5B85A2262DD2F00FC60CB /* LaunchScreen.storyboard */ = {
			isa = PBXVariantGroup;
			children = (
				E9B5B85B2262DD2F00FC60CB /* Base */,
			);
			name = LaunchScreen.storyboard;
			sourceTree = "<group>";
		};
/* End PBXVariantGroup section */

/* Begin XCBuildConfiguration section */
		E9B5B85E2262DD2F00FC60CB /* Debug */ = {
			isa = XCBuildConfiguration;
			buildSettings = {
				ALWAYS_SEARCH_USER_PATHS = NO;
				CLANG_ANALYZER_NONNULL = YES;
				CLANG_ANALYZER_NUMBER_OBJECT_CONVERSION = YES_AGGRESSIVE;
				CLANG_CXX_LANGUAGE_STANDARD = "gnu++14";
				CLANG_CXX_LIBRARY = "libc++";
				CLANG_ENABLE_MODULES = YES;
				CLANG_ENABLE_OBJC_ARC = YES;
				CLANG_ENABLE_OBJC_WEAK = YES;
				CLANG_WARN_BLOCK_CAPTURE_AUTORELEASING = YES;
				CLANG_WARN_BOOL_CONVERSION = YES;
				CLANG_WARN_COMMA = YES;
				CLANG_WARN_CONSTANT_CONVERSION = YES;
				CLANG_WARN_DEPRECATED_OBJC_IMPLEMENTATIONS = YES;
				CLANG_WARN_DIRECT_OBJC_ISA_USAGE = YES_ERROR;
				CLANG_WARN_DOCUMENTATION_COMMENTS = YES;
				CLANG_WARN_EMPTY_BODY = YES;
				CLANG_WARN_ENUM_CONVERSION = YES;
				CLANG_WARN_INFINITE_RECURSION = YES;
				CLANG_WARN_INT_CONVERSION = YES;
				CLANG_WARN_NON_LITERAL_NULL_CONVERSION = YES;
				CLANG_WARN_OBJC_IMPLICIT_RETAIN_SELF = YES;
				CLANG_WARN_OBJC_LITERAL_CONVERSION = YES;
				CLANG_WARN_OBJC_ROOT_CLASS = YES_ERROR;
				CLANG_WARN_RANGE_LOOP_ANALYSIS = YES;
				CLANG_WARN_STRICT_PROTOTYPES = YES;
				CLANG_WARN_SUSPICIOUS_MOVE = YES;
				CLANG_WARN_UNGUARDED_AVAILABILITY = YES_AGGRESSIVE;
				CLANG_WARN_UNREACHABLE_CODE = YES;
				CLANG_WARN__DUPLICATE_METHOD_MATCH = YES;
				CODE_SIGN_IDENTITY = "iPhone Developer";
				COPY_PHASE_STRIP = NO;
				DEBUG_INFORMATION_FORMAT = dwarf;
				ENABLE_STRICT_OBJC_MSGSEND = YES;
				ENABLE_TESTABILITY = YES;
				GCC_C_LANGUAGE_STANDARD = gnu11;
				GCC_DYNAMIC_NO_PIC = NO;
				GCC_NO_COMMON_BLOCKS = YES;
				GCC_OPTIMIZATION_LEVEL = 0;
				GCC_PREPROCESSOR_DEFINITIONS = (
					"DEBUG=1",
					"$(inherited)",
				);
				GCC_WARN_64_TO_32_BIT_CONVERSION = YES;
				GCC_WARN_ABOUT_RETURN_TYPE = YES_ERROR;
				GCC_WARN_UNDECLARED_SELECTOR = YES;
				GCC_WARN_UNINITIALIZED_AUTOS = YES_AGGRESSIVE;
				GCC_WARN_UNUSED_FUNCTION = YES;
				GCC_WARN_UNUSED_VARIABLE = YES;
				IPHONEOS_DEPLOYMENT_TARGET = 12.2;
				MTL_ENABLE_DEBUG_INFO = INCLUDE_SOURCE;
				MTL_FAST_MATH = YES;
				ONLY_ACTIVE_ARCH = YES;
				SDKROOT = iphoneos;
				SWIFT_ACTIVE_COMPILATION_CONDITIONS = DEBUG;
				SWIFT_OPTIMIZATION_LEVEL = "-Onone";
			};
			name = Debug;
		};
		E9B5B85F2262DD2F00FC60CB /* Release */ = {
			isa = XCBuildConfiguration;
			buildSettings = {
				ALWAYS_SEARCH_USER_PATHS = NO;
				CLANG_ANALYZER_NONNULL = YES;
				CLANG_ANALYZER_NUMBER_OBJECT_CONVERSION = YES_AGGRESSIVE;
				CLANG_CXX_LANGUAGE_STANDARD = "gnu++14";
				CLANG_CXX_LIBRARY = "libc++";
				CLANG_ENABLE_MODULES = YES;
				CLANG_ENABLE_OBJC_ARC = YES;
				CLANG_ENABLE_OBJC_WEAK = YES;
				CLANG_WARN_BLOCK_CAPTURE_AUTORELEASING = YES;
				CLANG_WARN_BOOL_CONVERSION = YES;
				CLANG_WARN_COMMA = YES;
				CLANG_WARN_CONSTANT_CONVERSION = YES;
				CLANG_WARN_DEPRECATED_OBJC_IMPLEMENTATIONS = YES;
				CLANG_WARN_DIRECT_OBJC_ISA_USAGE = YES_ERROR;
				CLANG_WARN_DOCUMENTATION_COMMENTS = YES;
				CLANG_WARN_EMPTY_BODY = YES;
				CLANG_WARN_ENUM_CONVERSION = YES;
				CLANG_WARN_INFINITE_RECURSION = YES;
				CLANG_WARN_INT_CONVERSION = YES;
				CLANG_WARN_NON_LITERAL_NULL_CONVERSION = YES;
				CLANG_WARN_OBJC_IMPLICIT_RETAIN_SELF = YES;
				CLANG_WARN_OBJC_LITERAL_CONVERSION = YES;
				CLANG_WARN_OBJC_ROOT_CLASS = YES_ERROR;
				CLANG_WARN_RANGE_LOOP_ANALYSIS = YES;
				CLANG_WARN_STRICT_PROTOTYPES = YES;
				CLANG_WARN_SUSPICIOUS_MOVE = YES;
				CLANG_WARN_UNGUARDED_AVAILABILITY = YES_AGGRESSIVE;
				CLANG_WARN_UNREACHABLE_CODE = YES;
				CLANG_WARN__DUPLICATE_METHOD_MATCH = YES;
				CODE_SIGN_IDENTITY = "iPhone Developer";
				COPY_PHASE_STRIP = NO;
				DEBUG_INFORMATION_FORMAT = "dwarf-with-dsym";
				ENABLE_NS_ASSERTIONS = NO;
				ENABLE_STRICT_OBJC_MSGSEND = YES;
				GCC_C_LANGUAGE_STANDARD = gnu11;
				GCC_NO_COMMON_BLOCKS = YES;
				GCC_WARN_64_TO_32_BIT_CONVERSION = YES;
				GCC_WARN_ABOUT_RETURN_TYPE = YES_ERROR;
				GCC_WARN_UNDECLARED_SELECTOR = YES;
				GCC_WARN_UNINITIALIZED_AUTOS = YES_AGGRESSIVE;
				GCC_WARN_UNUSED_FUNCTION = YES;
				GCC_WARN_UNUSED_VARIABLE = YES;
				IPHONEOS_DEPLOYMENT_TARGET = 12.2;
				MTL_ENABLE_DEBUG_INFO = NO;
				MTL_FAST_MATH = YES;
				SDKROOT = iphoneos;
				SWIFT_COMPILATION_MODE = wholemodule;
				SWIFT_OPTIMIZATION_LEVEL = "-O";
				VALIDATE_PRODUCT = YES;
			};
			name = Release;
		};
		E9B5B8612262DD2F00FC60CB /* Debug */ = {
			isa = XCBuildConfiguration;
			buildSettings = {
				ASSETCATALOG_COMPILER_APPICON_NAME = AppIcon;
				CODE_SIGN_STYLE = Automatic;
				DEVELOPMENT_TEAM = 8F9MG3W29J;
				INFOPLIST_FILE = "Swifty Words Game/Info.plist";
				LD_RUNPATH_SEARCH_PATHS = (
					"$(inherited)",
					"@executable_path/Frameworks",
				);
				PRODUCT_BUNDLE_IDENTIFIER = "com.oglerma.Swifty-Words-Game";
				PRODUCT_NAME = "$(TARGET_NAME)";
				SWIFT_VERSION = 5.0;
				TARGETED_DEVICE_FAMILY = 2;
			};
			name = Debug;
		};
		E9B5B8622262DD2F00FC60CB /* Release */ = {
			isa = XCBuildConfiguration;
			buildSettings = {
				ASSETCATALOG_COMPILER_APPICON_NAME = AppIcon;
				CODE_SIGN_STYLE = Automatic;
				DEVELOPMENT_TEAM = 8F9MG3W29J;
				INFOPLIST_FILE = "Swifty Words Game/Info.plist";
				LD_RUNPATH_SEARCH_PATHS = (
					"$(inherited)",
					"@executable_path/Frameworks",
				);
				PRODUCT_BUNDLE_IDENTIFIER = "com.oglerma.Swifty-Words-Game";
				PRODUCT_NAME = "$(TARGET_NAME)";
				SWIFT_VERSION = 5.0;
				TARGETED_DEVICE_FAMILY = 2;
			};
			name = Release;
		};
/* End XCBuildConfiguration section */

/* Begin XCConfigurationList section */
		E9B5B8492262DD2C00FC60CB /* Build configuration list for PBXProject "Swifty Words Game" */ = {
			isa = XCConfigurationList;
			buildConfigurations = (
				E9B5B85E2262DD2F00FC60CB /* Debug */,
				E9B5B85F2262DD2F00FC60CB /* Release */,
			);
			defaultConfigurationIsVisible = 0;
			defaultConfigurationName = Release;
		};
		E9B5B8602262DD2F00FC60CB /* Build configuration list for PBXNativeTarget "Swifty Words Game" */ = {
			isa = XCConfigurationList;
			buildConfigurations = (
				E9B5B8612262DD2F00FC60CB /* Debug */,
				E9B5B8622262DD2F00FC60CB /* Release */,
			);
			defaultConfigurationIsVisible = 0;
			defaultConfigurationName = Release;
		};
/* End XCConfigurationList section */
	};
	rootObject = E9B5B8462262DD2C00FC60CB /* Project object */;
}
